
Microsoft Visual Studio Solution File, Format Version 12.00
# Visual Studio Version 17
VisualStudioVersion = 17.0.31912.275
MinimumVisualStudioVersion = 10.0.40219.1
Project("{9A19103F-16F7-4668-BE54-9A1E7A4F7556}") = "EFCoreDemoApp.Domaine", "EFCoreDemoApp.Domain\EFCoreDemoApp.Domaine.csproj", "{8B8D0368-C368-4174-A618-DA1060122A22}"
EndProject
Project("{9A19103F-16F7-4668-BE54-9A1E7A4F7556}") = "EFCoreDemoApp.Donnees", "EFCoreDemoApp.Donnees\EFCoreDemoApp.Donnees.csproj", "{EC4EAF85-AA23-4926-B277-4351E0CECFBF}"
EndProject
Project("{9A19103F-16F7-4668-BE54-9A1E7A4F7556}") = "EFCoreDemoApp.ConsoleUI", "EFCoreDemoApp.ConsoleUI\EFCoreDemoApp.ConsoleUI.csproj", "{BF8B0219-AB9E-4ABD-AABC-7EA654466EB3}"
EndProject
Global
	GlobalSection(SolutionConfigurationPlatforms) = preSolution
		Debug|Any CPU = Debug|Any CPU
		Release|Any CPU = Release|Any CPU
	EndGlobalSection
	GlobalSection(ProjectConfigurationPlatforms) = postSolution
		{8B8D0368-C368-4174-A618-DA1060122A22}.Debug|Any CPU.ActiveCfg = Debug|Any CPU
		{8B8D0368-C368-4174-A618-DA1060122A22}.Debug|Any CPU.Build.0 = Debug|Any CPU
		{8B8D0368-C368-4174-A618-DA1060122A22}.Release|Any CPU.ActiveCfg = Release|Any CPU
		{8B8D0368-C368-4174-A618-DA1060122A22}.Release|Any CPU.Build.0 = Release|Any CPU
		{EC4EAF85-AA23-4926-B277-4351E0CECFBF}.Debug|Any CPU.ActiveCfg = Debug|Any CPU
		{EC4EAF85-AA23-4926-B277-4351E0CECFBF}.Debug|Any CPU.Build.0 = Debug|Any CPU
		{EC4EAF85-AA23-4926-B277-4351E0CECFBF}.Release|Any CPU.ActiveCfg = Release|Any CPU
		{EC4EAF85-AA23-4926-B277-4351E0CECFBF}.Release|Any CPU.Build.0 = Release|Any CPU
		{BF8B0219-AB9E-4ABD-AABC-7EA654466EB3}.Debug|Any CPU.ActiveCfg = Debug|Any CPU
		{BF8B0219-AB9E-4ABD-AABC-7EA654466EB3}.Debug|Any CPU.Build.0 = Debug|Any CPU
		{BF8B0219-AB9E-4ABD-AABC-7EA654466EB3}.Release|Any CPU.ActiveCfg = Release|Any CPU
		{BF8B0219-AB9E-4ABD-AABC-7EA654466EB3}.Release|Any CPU.Build.0 = Release|Any CPU
	EndGlobalSection
	GlobalSection(SolutionProperties) = preSolution
		HideSolutionNode = FALSE
	EndGlobalSection
	GlobalSection(ExtensibilityGlobals) = postSolution
		SolutionGuid = {CAAA7452-FFE3-4FF9-AEC5-E90A22CA1176}
	EndGlobalSection
EndGlobal
